
Microsoft Visual Studio Solution File, Format Version 12.00
# Visual Studio Version 17
VisualStudioVersion = 17.5.33516.290
MinimumVisualStudioVersion = 10.0.40219.1
Project("{FAE04EC0-301F-11D3-BF4B-00C04F79EFBC}") = "Hodina5.2", "Hodina5.2\Hodina5.2.csproj", "{0C093854-9AB6-4F2E-80A7-B0709BF883EE}"
EndProject
Global
	GlobalSection(SolutionConfigurationPlatforms) = preSolution
		Debug|Any CPU = Debug|Any CPU
		Release|Any CPU = Release|Any CPU
	EndGlobalSection
	GlobalSection(ProjectConfigurationPlatforms) = postSolution
		{0C093854-9AB6-4F2E-80A7-B0709BF883EE}.Debug|Any CPU.ActiveCfg = Debug|Any CPU
		{0C093854-9AB6-4F2E-80A7-B0709BF883EE}.Debug|Any CPU.Build.0 = Debug|Any CPU
		{0C093854-9AB6-4F2E-80A7-B0709BF883EE}.Release|Any CPU.ActiveCfg = Release|Any CPU
		{0C093854-9AB6-4F2E-80A7-B0709BF883EE}.Release|Any CPU.Build.0 = Release|Any CPU
	EndGlobalSection
	GlobalSection(SolutionProperties) = preSolution
		HideSolutionNode = FALSE
	EndGlobalSection
	GlobalSection(ExtensibilityGlobals) = postSolution
		SolutionGuid = {256CDA9B-F3A7-4ECA-8622-C7CDD687A8C7}
	EndGlobalSection
EndGlobal
